// !$*UTF8*$!
{
	archiveVersion = 1;
	classes = {
	};
	objectVersion = 46;
	objects = {

/* Begin PBXBuildFile section */
		1CED08351DE0E16D008CF68F /* main.cpp in Sources */ = {isa = PBXBuildFile; fileRef = 1CED08341DE0E16D008CF68F /* main.cpp */; };
		1CED083D1DE0EA4A008CF68F /* Card.cpp in Sources */ = {isa = PBXBuildFile; fileRef = 1CED083B1DE0EA4A008CF68F /* Card.cpp */; };
		1CED08411DE0EB4B008CF68F /* Deck.cpp in Sources */ = {isa = PBXBuildFile; fileRef = 1CED083F1DE0EB4B008CF68F /* Deck.cpp */; };
		1CED08441DE0EB8C008CF68F /* DiscardPile.cpp in Sources */ = {isa = PBXBuildFile; fileRef = 1CED08421DE0EB8C008CF68F /* DiscardPile.cpp */; };
		1CED08471DE0EBBE008CF68F /* Chain.cpp in Sources */ = {isa = PBXBuildFile; fileRef = 1CED08451DE0EBBE008CF68F /* Chain.cpp */; };
		1CED084A1DE0EBEE008CF68F /* Table.cpp in Sources */ = {isa = PBXBuildFile; fileRef = 1CED08481DE0EBEE008CF68F /* Table.cpp */; };
		1CED084D1DE0EC1D008CF68F /* TradeArea.cpp in Sources */ = {isa = PBXBuildFile; fileRef = 1CED084B1DE0EC1D008CF68F /* TradeArea.cpp */; };
		1CED08501DE0EC71008CF68F /* Coins.cpp in Sources */ = {isa = PBXBuildFile; fileRef = 1CED084E1DE0EC71008CF68F /* Coins.cpp */; };
		1CED08531DE0ECA5008CF68F /* Hand.cpp in Sources */ = {isa = PBXBuildFile; fileRef = 1CED08511DE0ECA5008CF68F /* Hand.cpp */; };
		1CED08561DE0ECC9008CF68F /* Player.cpp in Sources */ = {isa = PBXBuildFile; fileRef = 1CED08541DE0ECC9008CF68F /* Player.cpp */; };
/* End PBXBuildFile section */

/* Begin PBXCopyFilesBuildPhase section */
		1CED082F1DE0E16D008CF68F /* CopyFiles */ = {
			isa = PBXCopyFilesBuildPhase;
			buildActionMask = 2147483647;
			dstPath = /usr/share/man/man1/;
			dstSubfolderSpec = 0;
			files = (
			);
			runOnlyForDeploymentPostprocessing = 1;
		};
/* End PBXCopyFilesBuildPhase section */

/* Begin PBXFileReference section */
		1CED08311DE0E16D008CF68F /* Cardgame */ = {isa = PBXFileReference; explicitFileType = "compiled.mach-o.executable"; includeInIndex = 0; path = Cardgame; sourceTree = BUILT_PRODUCTS_DIR; };
		1CED08341DE0E16D008CF68F /* main.cpp */ = {isa = PBXFileReference; lastKnownFileType = sourcecode.cpp.cpp; path = main.cpp; sourceTree = "<group>"; };
		1CED083B1DE0EA4A008CF68F /* Card.cpp */ = {isa = PBXFileReference; fileEncoding = 4; lastKnownFileType = sourcecode.cpp.cpp; path = Card.cpp; sourceTree = "<group>"; };
		1CED083C1DE0EA4A008CF68F /* Card.hpp */ = {isa = PBXFileReference; fileEncoding = 4; lastKnownFileType = sourcecode.cpp.h; path = Card.hpp; sourceTree = "<group>"; };
		1CED083F1DE0EB4B008CF68F /* Deck.cpp */ = {isa = PBXFileReference; fileEncoding = 4; lastKnownFileType = sourcecode.cpp.cpp; path = Deck.cpp; sourceTree = "<group>"; };
		1CED08401DE0EB4B008CF68F /* Deck.hpp */ = {isa = PBXFileReference; fileEncoding = 4; lastKnownFileType = sourcecode.cpp.h; path = Deck.hpp; sourceTree = "<group>"; };
		1CED08421DE0EB8C008CF68F /* DiscardPile.cpp */ = {isa = PBXFileReference; fileEncoding = 4; lastKnownFileType = sourcecode.cpp.cpp; path = DiscardPile.cpp; sourceTree = "<group>"; };
		1CED08431DE0EB8C008CF68F /* DiscardPile.hpp */ = {isa = PBXFileReference; fileEncoding = 4; lastKnownFileType = sourcecode.cpp.h; path = DiscardPile.hpp; sourceTree = "<group>"; };
		1CED08451DE0EBBE008CF68F /* Chain.cpp */ = {isa = PBXFileReference; fileEncoding = 4; lastKnownFileType = sourcecode.cpp.cpp; path = Chain.cpp; sourceTree = "<group>"; };
		1CED08461DE0EBBE008CF68F /* Chain.hpp */ = {isa = PBXFileReference; fileEncoding = 4; lastKnownFileType = sourcecode.cpp.h; path = Chain.hpp; sourceTree = "<group>"; };
		1CED08481DE0EBEE008CF68F /* Table.cpp */ = {isa = PBXFileReference; fileEncoding = 4; lastKnownFileType = sourcecode.cpp.cpp; path = Table.cpp; sourceTree = "<group>"; };
		1CED08491DE0EBEE008CF68F /* Table.hpp */ = {isa = PBXFileReference; fileEncoding = 4; lastKnownFileType = sourcecode.cpp.h; path = Table.hpp; sourceTree = "<group>"; };
		1CED084B1DE0EC1D008CF68F /* TradeArea.cpp */ = {isa = PBXFileReference; fileEncoding = 4; lastKnownFileType = sourcecode.cpp.cpp; path = TradeArea.cpp; sourceTree = "<group>"; };
		1CED084C1DE0EC1D008CF68F /* TradeArea.hpp */ = {isa = PBXFileReference; fileEncoding = 4; lastKnownFileType = sourcecode.cpp.h; path = TradeArea.hpp; sourceTree = "<group>"; };
		1CED084E1DE0EC71008CF68F /* Coins.cpp */ = {isa = PBXFileReference; fileEncoding = 4; lastKnownFileType = sourcecode.cpp.cpp; path = Coins.cpp; sourceTree = "<group>"; };
		1CED084F1DE0EC71008CF68F /* Coins.hpp */ = {isa = PBXFileReference; fileEncoding = 4; lastKnownFileType = sourcecode.cpp.h; path = Coins.hpp; sourceTree = "<group>"; };
		1CED08511DE0ECA5008CF68F /* Hand.cpp */ = {isa = PBXFileReference; fileEncoding = 4; lastKnownFileType = sourcecode.cpp.cpp; path = Hand.cpp; sourceTree = "<group>"; };
		1CED08521DE0ECA5008CF68F /* Hand.hpp */ = {isa = PBXFileReference; fileEncoding = 4; lastKnownFileType = sourcecode.cpp.h; path = Hand.hpp; sourceTree = "<group>"; };
		1CED08541DE0ECC9008CF68F /* Player.cpp */ = {isa = PBXFileReference; fileEncoding = 4; lastKnownFileType = sourcecode.cpp.cpp; path = Player.cpp; sourceTree = "<group>"; };
		1CED08551DE0ECC9008CF68F /* Player.hpp */ = {isa = PBXFileReference; fileEncoding = 4; lastKnownFileType = sourcecode.cpp.h; path = Player.hpp; sourceTree = "<group>"; };
/* End PBXFileReference section */

/* Begin PBXFrameworksBuildPhase section */
		1CED082E1DE0E16D008CF68F /* Frameworks */ = {
			isa = PBXFrameworksBuildPhase;
			buildActionMask = 2147483647;
			files = (
			);
			runOnlyForDeploymentPostprocessing = 0;
		};
/* End PBXFrameworksBuildPhase section */

/* Begin PBXGroup section */
		1CED08281DE0E16D008CF68F = {
			isa = PBXGroup;
			children = (
				1CED08331DE0E16D008CF68F /* Cardgame */,
				1CED08321DE0E16D008CF68F /* Products */,
			);
			sourceTree = "<group>";
		};
		1CED08321DE0E16D008CF68F /* Products */ = {
			isa = PBXGroup;
			children = (
				1CED08311DE0E16D008CF68F /* Cardgame */,
			);
			name = Products;
			sourceTree = "<group>";
		};
		1CED08331DE0E16D008CF68F /* Cardgame */ = {
			isa = PBXGroup;
			children = (
				1CED08341DE0E16D008CF68F /* main.cpp */,
				1CED083B1DE0EA4A008CF68F /* Card.cpp */,
				1CED083C1DE0EA4A008CF68F /* Card.hpp */,
				1CED083F1DE0EB4B008CF68F /* Deck.cpp */,
				1CED08401DE0EB4B008CF68F /* Deck.hpp */,
				1CED08421DE0EB8C008CF68F /* DiscardPile.cpp */,
				1CED08431DE0EB8C008CF68F /* DiscardPile.hpp */,
				1CED08451DE0EBBE008CF68F /* Chain.cpp */,
				1CED08461DE0EBBE008CF68F /* Chain.hpp */,
				1CED08481DE0EBEE008CF68F /* Table.cpp */,
				1CED08491DE0EBEE008CF68F /* Table.hpp */,
				1CED084B1DE0EC1D008CF68F /* TradeArea.cpp */,
				1CED084C1DE0EC1D008CF68F /* TradeArea.hpp */,
				1CED084E1DE0EC71008CF68F /* Coins.cpp */,
				1CED084F1DE0EC71008CF68F /* Coins.hpp */,
				1CED08511DE0ECA5008CF68F /* Hand.cpp */,
				1CED08521DE0ECA5008CF68F /* Hand.hpp */,
				1CED08541DE0ECC9008CF68F /* Player.cpp */,
				1CED08551DE0ECC9008CF68F /* Player.hpp */,
			);
			path = Cardgame;
			sourceTree = "<group>";
		};
/* End PBXGroup section */

/* Begin PBXNativeTarget section */
		1CED08301DE0E16D008CF68F /* Cardgame */ = {
			isa = PBXNativeTarget;
			buildConfigurationList = 1CED08381DE0E16D008CF68F /* Build configuration list for PBXNativeTarget "Cardgame" */;
			buildPhases = (
				1CED082D1DE0E16D008CF68F /* Sources */,
				1CED082E1DE0E16D008CF68F /* Frameworks */,
				1CED082F1DE0E16D008CF68F /* CopyFiles */,
			);
			buildRules = (
			);
			dependencies = (
			);
			name = Cardgame;
			productName = Cardgame;
			productReference = 1CED08311DE0E16D008CF68F /* Cardgame */;
			productType = "com.apple.product-type.tool";
		};
/* End PBXNativeTarget section */

/* Begin PBXProject section */
		1CED08291DE0E16D008CF68F /* Project object */ = {
			isa = PBXProject;
			attributes = {
				LastUpgradeCheck = 0800;
				ORGANIZATIONNAME = Daniel;
				TargetAttributes = {
					1CED08301DE0E16D008CF68F = {
						CreatedOnToolsVersion = 8.0;
						ProvisioningStyle = Automatic;
					};
				};
			};
			buildConfigurationList = 1CED082C1DE0E16D008CF68F /* Build configuration list for PBXProject "Cardgame" */;
			compatibilityVersion = "Xcode 3.2";
			developmentRegion = English;
			hasScannedForEncodings = 0;
			knownRegions = (
				en,
			);
			mainGroup = 1CED08281DE0E16D008CF68F;
			productRefGroup = 1CED08321DE0E16D008CF68F /* Products */;
			projectDirPath = "";
			projectRoot = "";
			targets = (
				1CED08301DE0E16D008CF68F /* Cardgame */,
			);
		};
/* End PBXProject section */

/* Begin PBXSourcesBuildPhase section */
		1CED082D1DE0E16D008CF68F /* Sources */ = {
			isa = PBXSourcesBuildPhase;
			buildActionMask = 2147483647;
			files = (
				1CED08531DE0ECA5008CF68F /* Hand.cpp in Sources */,
				1CED084A1DE0EBEE008CF68F /* Table.cpp in Sources */,
				1CED08471DE0EBBE008CF68F /* Chain.cpp in Sources */,
				1CED084D1DE0EC1D008CF68F /* TradeArea.cpp in Sources */,
				1CED08561DE0ECC9008CF68F /* Player.cpp in Sources */,
				1CED08441DE0EB8C008CF68F /* DiscardPile.cpp in Sources */,
				1CED08411DE0EB4B008CF68F /* Deck.cpp in Sources */,
				1CED08351DE0E16D008CF68F /* main.cpp in Sources */,
				1CED08501DE0EC71008CF68F /* Coins.cpp in Sources */,
				1CED083D1DE0EA4A008CF68F /* Card.cpp in Sources */,
			);
			runOnlyForDeploymentPostprocessing = 0;
		};
/* End PBXSourcesBuildPhase section */

/* Begin XCBuildConfiguration section */
		1CED08361DE0E16D008CF68F /* Debug */ = {
			isa = XCBuildConfiguration;
			buildSettings = {
				ALWAYS_SEARCH_USER_PATHS = NO;
				CLANG_ANALYZER_NONNULL = YES;
				CLANG_CXX_LANGUAGE_STANDARD = "gnu++0x";
				CLANG_CXX_LIBRARY = "libc++";
				CLANG_ENABLE_MODULES = YES;
				CLANG_ENABLE_OBJC_ARC = YES;
				CLANG_WARN_BOOL_CONVERSION = YES;
				CLANG_WARN_CONSTANT_CONVERSION = YES;
				CLANG_WARN_DIRECT_OBJC_ISA_USAGE = YES_ERROR;
				CLANG_WARN_DOCUMENTATION_COMMENTS = YES;
				CLANG_WARN_EMPTY_BODY = YES;
				CLANG_WARN_ENUM_CONVERSION = YES;
				CLANG_WARN_INFINITE_RECURSION = YES;
				CLANG_WARN_INT_CONVERSION = YES;
				CLANG_WARN_OBJC_ROOT_CLASS = YES_ERROR;
				CLANG_WARN_SUSPICIOUS_MOVES = YES;
				CLANG_WARN_UNREACHABLE_CODE = YES;
				CLANG_WARN__DUPLICATE_METHOD_MATCH = YES;
				CODE_SIGN_IDENTITY = "-";
				COPY_PHASE_STRIP = NO;
				DEBUG_INFORMATION_FORMAT = dwarf;
				ENABLE_STRICT_OBJC_MSGSEND = YES;
				ENABLE_TESTABILITY = YES;
				GCC_C_LANGUAGE_STANDARD = gnu99;
				GCC_DYNAMIC_NO_PIC = NO;
				GCC_NO_COMMON_BLOCKS = YES;
				GCC_OPTIMIZATION_LEVEL = 0;
				GCC_PREPROCESSOR_DEFINITIONS = (
					"DEBUG=1",
					"$(inherited)",
				);
				GCC_WARN_64_TO_32_BIT_CONVERSION = YES;
				GCC_WARN_ABOUT_RETURN_TYPE = YES_ERROR;
				GCC_WARN_UNDECLARED_SELECTOR = YES;
				GCC_WARN_UNINITIALIZED_AUTOS = YES_AGGRESSIVE;
				GCC_WARN_UNUSED_FUNCTION = YES;
				GCC_WARN_UNUSED_VARIABLE = YES;
				MACOSX_DEPLOYMENT_TARGET = 10.11;
				MTL_ENABLE_DEBUG_INFO = YES;
				ONLY_ACTIVE_ARCH = YES;
				SDKROOT = macosx;
			};
			name = Debug;
		};
		1CED08371DE0E16D008CF68F /* Release */ = {
			isa = XCBuildConfiguration;
			buildSettings = {
				ALWAYS_SEARCH_USER_PATHS = NO;
				CLANG_ANALYZER_NONNULL = YES;
				CLANG_CXX_LANGUAGE_STANDARD = "gnu++0x";
				CLANG_CXX_LIBRARY = "libc++";
				CLANG_ENABLE_MODULES = YES;
				CLANG_ENABLE_OBJC_ARC = YES;
				CLANG_WARN_BOOL_CONVERSION = YES;
				CLANG_WARN_CONSTANT_CONVERSION = YES;
				CLANG_WARN_DIRECT_OBJC_ISA_USAGE = YES_ERROR;
				CLANG_WARN_DOCUMENTATION_COMMENTS = YES;
				CLANG_WARN_EMPTY_BODY = YES;
				CLANG_WARN_ENUM_CONVERSION = YES;
				CLANG_WARN_INFINITE_RECURSION = YES;
				CLANG_WARN_INT_CONVERSION = YES;
				CLANG_WARN_OBJC_ROOT_CLASS = YES_ERROR;
				CLANG_WARN_SUSPICIOUS_MOVES = YES;
				CLANG_WARN_UNREACHABLE_CODE = YES;
				CLANG_WARN__DUPLICATE_METHOD_MATCH = YES;
				CODE_SIGN_IDENTITY = "-";
				COPY_PHASE_STRIP = NO;
				DEBUG_INFORMATION_FORMAT = "dwarf-with-dsym";
				ENABLE_NS_ASSERTIONS = NO;
				ENABLE_STRICT_OBJC_MSGSEND = YES;
				GCC_C_LANGUAGE_STANDARD = gnu99;
				GCC_NO_COMMON_BLOCKS = YES;
				GCC_WARN_64_TO_32_BIT_CONVERSION = YES;
				GCC_WARN_ABOUT_RETURN_TYPE = YES_ERROR;
				GCC_WARN_UNDECLARED_SELECTOR = YES;
				GCC_WARN_UNINITIALIZED_AUTOS = YES_AGGRESSIVE;
				GCC_WARN_UNUSED_FUNCTION = YES;
				GCC_WARN_UNUSED_VARIABLE = YES;
				MACOSX_DEPLOYMENT_TARGET = 10.11;
				MTL_ENABLE_DEBUG_INFO = NO;
				SDKROOT = macosx;
			};
			name = Release;
		};
		1CED08391DE0E16D008CF68F /* Debug */ = {
			isa = XCBuildConfiguration;
			buildSettings = {
				PRODUCT_NAME = "$(TARGET_NAME)";
			};
			name = Debug;
		};
		1CED083A1DE0E16D008CF68F /* Release */ = {
			isa = XCBuildConfiguration;
			buildSettings = {
				PRODUCT_NAME = "$(TARGET_NAME)";
			};
			name = Release;
		};
/* End XCBuildConfiguration section */

/* Begin XCConfigurationList section */
		1CED082C1DE0E16D008CF68F /* Build configuration list for PBXProject "Cardgame" */ = {
			isa = XCConfigurationList;
			buildConfigurations = (
				1CED08361DE0E16D008CF68F /* Debug */,
				1CED08371DE0E16D008CF68F /* Release */,
			);
			defaultConfigurationIsVisible = 0;
			defaultConfigurationName = Release;
		};
		1CED08381DE0E16D008CF68F /* Build configuration list for PBXNativeTarget "Cardgame" */ = {
			isa = XCConfigurationList;
			buildConfigurations = (
				1CED08391DE0E16D008CF68F /* Debug */,
				1CED083A1DE0E16D008CF68F /* Release */,
			);
			defaultConfigurationIsVisible = 0;
		};
/* End XCConfigurationList section */
	};
	rootObject = 1CED08291DE0E16D008CF68F /* Project object */;
}
